
Microsoft Visual Studio Solution File, Format Version 12.00
# Visual Studio Version 16
VisualStudioVersion = 16.0.29102.190
MinimumVisualStudioVersion = 10.0.40219.1
Project("{FAE04EC0-301F-11D3-BF4B-00C04F79EFBC}") = "AzureTest", "AzureTest\AzureTest.csproj", "{B6888B71-7019-42A3-9DFF-955908B35AE7}"
EndProject
Global
	GlobalSection(SolutionConfigurationPlatforms) = preSolution
		Debug|Any CPU = Debug|Any CPU
		Release|Any CPU = Release|Any CPU
	EndGlobalSection
	GlobalSection(ProjectConfigurationPlatforms) = postSolution
		{B6888B71-7019-42A3-9DFF-955908B35AE7}.Debug|Any CPU.ActiveCfg = Debug|Any CPU
		{B6888B71-7019-42A3-9DFF-955908B35AE7}.Debug|Any CPU.Build.0 = Debug|Any CPU
		{B6888B71-7019-42A3-9DFF-955908B35AE7}.Release|Any CPU.ActiveCfg = Release|Any CPU
		{B6888B71-7019-42A3-9DFF-955908B35AE7}.Release|Any CPU.Build.0 = Release|Any CPU
	EndGlobalSection
	GlobalSection(SolutionProperties) = preSolution
		HideSolutionNode = FALSE
	EndGlobalSection
	GlobalSection(ExtensibilityGlobals) = postSolution
		SolutionGuid = {AB70C6E7-8A3B-4B52-99C8-25955B570C3A}
	EndGlobalSection
EndGlobal
